
Microsoft Visual Studio Solution File, Format Version 12.00
# Visual Studio 14
VisualStudioVersion = 14.0.25420.1
MinimumVisualStudioVersion = 10.0.40219.1
Project("{FAE04EC0-301F-11D3-BF4B-00C04F79EFBC}") = "_DLL", "_DLL\_DLL.csproj", "{F0054970-572C-4AC3-A695-CDDB495EF213}"
EndProject
Project("{2150E333-8FDC-42A3-9474-1A3956D46DE8}") = "SoEasy", "SoEasy", "{545C1B0F-6FE6-43D9-8961-FDB178D2B9EF}"
EndProject
Project("{FAE04EC0-301F-11D3-BF4B-00C04F79EFBC}") = "_DLL", "SoEasy\_DLL\_DLL.csproj", "{28686BDB-8E4D-4998-940D-ADE311273D91}"
EndProject
Project("{FAE04EC0-301F-11D3-BF4B-00C04F79EFBC}") = "SoEasy.DB", "SoEasy\SoEasy.DB\SoEasy.DB.csproj", "{48E17B35-325D-4D1B-80A0-C1135D44B5EF}"
EndProject
Project("{FAE04EC0-301F-11D3-BF4B-00C04F79EFBC}") = "SoEasy.Model", "SoEasy\SoEasy.Model\SoEasy.Model.csproj", "{F1218D6C-F0AD-4178-9A32-3D995788AB90}"
EndProject
Project("{2150E333-8FDC-42A3-9474-1A3956D46DE8}") = "UnitTest", "UnitTest", "{965876A3-8655-4155-8729-F43303632B92}"
EndProject
Project("{FAE04EC0-301F-11D3-BF4B-00C04F79EFBC}") = "SoEasy.CommonTest", "SoEasy\UnitTest\SoEasy.CommonTest\SoEasy.CommonTest.csproj", "{3DCEDC0F-0175-40E5-9C43-63CE0C02514E}"
EndProject
Project("{FAE04EC0-301F-11D3-BF4B-00C04F79EFBC}") = "SoEasy.ModelTest", "SoEasy\UnitTest\SoEasy.ModelTest\SoEasy.ModelTest.csproj", "{FDD88061-A422-4F75-88B2-FCDA5D0E7DA5}"
EndProject
Project("{FAE04EC0-301F-11D3-BF4B-00C04F79EFBC}") = "SoEasy.UI", "SoEasy\SoEasy.UI\SoEasy.UI.csproj", "{AC976D98-D661-4BBA-A356-016DAEE679D8}"
EndProject
Project("{FAE04EC0-301F-11D3-BF4B-00C04F79EFBC}") = "SoEasy.Logic", "SoEasy\SoEasy.Logic\SoEasy.Logic.csproj", "{376C6A74-F9DD-43F0-8ED2-8D2C2FB8037A}"
EndProject
Project("{FAE04EC0-301F-11D3-BF4B-00C04F79EFBC}") = "SoEasy.LogicTest", "SoEasy\UnitTest\SoEasy.LogicTest\SoEasy.LogicTest.csproj", "{27B80E7F-B1A7-4643-BFF8-129E2752192D}"
EndProject
Project("{FAE04EC0-301F-11D3-BF4B-00C04F79EFBC}") = "SoEasy.Common", "SoEasy\SoEasy.Common\SoEasy.Common.csproj", "{504A3EEF-6C6A-4F8A-85C0-AEF4649DB2CB}"
EndProject
Project("{FAE04EC0-301F-11D3-BF4B-00C04F79EFBC}") = "SoEasy.Init", "SoEasy\SoEasy.Init\SoEasy.Init.csproj", "{94C88292-715C-4746-B44D-768DB25484DB}"
EndProject
Project("{FAE04EC0-301F-11D3-BF4B-00C04F79EFBC}") = "SoEasy.InitTest", "SoEasy\UnitTest\SoEasy.InitTest\SoEasy.InitTest.csproj", "{7F415AB7-F596-4ADE-8E4C-0E90430004A2}"
EndProject
Project("{FAE04EC0-301F-11D3-BF4B-00C04F79EFBC}") = "Model", "Model\Model.csproj", "{5E64527C-4200-4BAB-9DF0-FA5348055159}"
EndProject
Project("{FAE04EC0-301F-11D3-BF4B-00C04F79EFBC}") = "Common", "Common\Common.csproj", "{C654A4FF-A63D-4BCA-9FBF-D854BAC7F8AB}"
EndProject
Project("{FAE04EC0-301F-11D3-BF4B-00C04F79EFBC}") = "MiddleWare", "MiddleWare\MiddleWare.csproj", "{C0C56ED5-728A-4633-8049-B9714CB47243}"
EndProject
Project("{FAE04EC0-301F-11D3-BF4B-00C04F79EFBC}") = "FileInAPI", "FileInAPI\FileInAPI.csproj", "{16216AE4-8121-453F-AF28-24943B82DE23}"
EndProject
Project("{FAE04EC0-301F-11D3-BF4B-00C04F79EFBC}") = "FileOutAPI", "FileOutAPI\FileOutAPI.csproj", "{84675464-F6B7-4F51-ADBC-067E9B539CAC}"
EndProject
Global
	GlobalSection(SolutionConfigurationPlatforms) = preSolution
		Debug|Any CPU = Debug|Any CPU
		Release|Any CPU = Release|Any CPU
	EndGlobalSection
	GlobalSection(ProjectConfigurationPlatforms) = postSolution
		{F0054970-572C-4AC3-A695-CDDB495EF213}.Debug|Any CPU.ActiveCfg = Debug|Any CPU
		{F0054970-572C-4AC3-A695-CDDB495EF213}.Debug|Any CPU.Build.0 = Debug|Any CPU
		{F0054970-572C-4AC3-A695-CDDB495EF213}.Release|Any CPU.ActiveCfg = Release|Any CPU
		{F0054970-572C-4AC3-A695-CDDB495EF213}.Release|Any CPU.Build.0 = Release|Any CPU
		{28686BDB-8E4D-4998-940D-ADE311273D91}.Debug|Any CPU.ActiveCfg = Debug|Any CPU
		{28686BDB-8E4D-4998-940D-ADE311273D91}.Debug|Any CPU.Build.0 = Debug|Any CPU
		{28686BDB-8E4D-4998-940D-ADE311273D91}.Release|Any CPU.ActiveCfg = Release|Any CPU
		{28686BDB-8E4D-4998-940D-ADE311273D91}.Release|Any CPU.Build.0 = Release|Any CPU
		{48E17B35-325D-4D1B-80A0-C1135D44B5EF}.Debug|Any CPU.ActiveCfg = Debug|Any CPU
		{48E17B35-325D-4D1B-80A0-C1135D44B5EF}.Debug|Any CPU.Build.0 = Debug|Any CPU
		{48E17B35-325D-4D1B-80A0-C1135D44B5EF}.Release|Any CPU.ActiveCfg = Release|Any CPU
		{48E17B35-325D-4D1B-80A0-C1135D44B5EF}.Release|Any CPU.Build.0 = Release|Any CPU
		{F1218D6C-F0AD-4178-9A32-3D995788AB90}.Debug|Any CPU.ActiveCfg = Debug|Any CPU
		{F1218D6C-F0AD-4178-9A32-3D995788AB90}.Debug|Any CPU.Build.0 = Debug|Any CPU
		{F1218D6C-F0AD-4178-9A32-3D995788AB90}.Release|Any CPU.ActiveCfg = Release|Any CPU
		{F1218D6C-F0AD-4178-9A32-3D995788AB90}.Release|Any CPU.Build.0 = Release|Any CPU
		{3DCEDC0F-0175-40E5-9C43-63CE0C02514E}.Debug|Any CPU.ActiveCfg = Debug|Any CPU
		{3DCEDC0F-0175-40E5-9C43-63CE0C02514E}.Debug|Any CPU.Build.0 = Debug|Any CPU
		{3DCEDC0F-0175-40E5-9C43-63CE0C02514E}.Release|Any CPU.ActiveCfg = Release|Any CPU
		{3DCEDC0F-0175-40E5-9C43-63CE0C02514E}.Release|Any CPU.Build.0 = Release|Any CPU
		{FDD88061-A422-4F75-88B2-FCDA5D0E7DA5}.Debug|Any CPU.ActiveCfg = Debug|Any CPU
		{FDD88061-A422-4F75-88B2-FCDA5D0E7DA5}.Debug|Any CPU.Build.0 = Debug|Any CPU
		{FDD88061-A422-4F75-88B2-FCDA5D0E7DA5}.Release|Any CPU.ActiveCfg = Release|Any CPU
		{FDD88061-A422-4F75-88B2-FCDA5D0E7DA5}.Release|Any CPU.Build.0 = Release|Any CPU
		{AC976D98-D661-4BBA-A356-016DAEE679D8}.Debug|Any CPU.ActiveCfg = Debug|Any CPU
		{AC976D98-D661-4BBA-A356-016DAEE679D8}.Debug|Any CPU.Build.0 = Debug|Any CPU
		{AC976D98-D661-4BBA-A356-016DAEE679D8}.Release|Any CPU.ActiveCfg = Release|Any CPU
		{AC976D98-D661-4BBA-A356-016DAEE679D8}.Release|Any CPU.Build.0 = Release|Any CPU
		{376C6A74-F9DD-43F0-8ED2-8D2C2FB8037A}.Debug|Any CPU.ActiveCfg = Debug|Any CPU
		{376C6A74-F9DD-43F0-8ED2-8D2C2FB8037A}.Debug|Any CPU.Build.0 = Debug|Any CPU
		{376C6A74-F9DD-43F0-8ED2-8D2C2FB8037A}.Release|Any CPU.ActiveCfg = Release|Any CPU
		{376C6A74-F9DD-43F0-8ED2-8D2C2FB8037A}.Release|Any CPU.Build.0 = Release|Any CPU
		{27B80E7F-B1A7-4643-BFF8-129E2752192D}.Debug|Any CPU.ActiveCfg = Debug|Any CPU
		{27B80E7F-B1A7-4643-BFF8-129E2752192D}.Debug|Any CPU.Build.0 = Debug|Any CPU
		{27B80E7F-B1A7-4643-BFF8-129E2752192D}.Release|Any CPU.ActiveCfg = Release|Any CPU
		{27B80E7F-B1A7-4643-BFF8-129E2752192D}.Release|Any CPU.Build.0 = Release|Any CPU
		{504A3EEF-6C6A-4F8A-85C0-AEF4649DB2CB}.Debug|Any CPU.ActiveCfg = Debug|Any CPU
		{504A3EEF-6C6A-4F8A-85C0-AEF4649DB2CB}.Debug|Any CPU.Build.0 = Debug|Any CPU
		{504A3EEF-6C6A-4F8A-85C0-AEF4649DB2CB}.Release|Any CPU.ActiveCfg = Release|Any CPU
		{504A3EEF-6C6A-4F8A-85C0-AEF4649DB2CB}.Release|Any CPU.Build.0 = Release|Any CPU
		{94C88292-715C-4746-B44D-768DB25484DB}.Debug|Any CPU.ActiveCfg = Debug|Any CPU
		{94C88292-715C-4746-B44D-768DB25484DB}.Debug|Any CPU.Build.0 = Debug|Any CPU
		{94C88292-715C-4746-B44D-768DB25484DB}.Release|Any CPU.ActiveCfg = Release|Any CPU
		{94C88292-715C-4746-B44D-768DB25484DB}.Release|Any CPU.Build.0 = Release|Any CPU
		{7F415AB7-F596-4ADE-8E4C-0E90430004A2}.Debug|Any CPU.ActiveCfg = Debug|Any CPU
		{7F415AB7-F596-4ADE-8E4C-0E90430004A2}.Debug|Any CPU.Build.0 = Debug|Any CPU
		{7F415AB7-F596-4ADE-8E4C-0E90430004A2}.Release|Any CPU.ActiveCfg = Release|Any CPU
		{7F415AB7-F596-4ADE-8E4C-0E90430004A2}.Release|Any CPU.Build.0 = Release|Any CPU
		{5E64527C-4200-4BAB-9DF0-FA5348055159}.Debug|Any CPU.ActiveCfg = Debug|Any CPU
		{5E64527C-4200-4BAB-9DF0-FA5348055159}.Debug|Any CPU.Build.0 = Debug|Any CPU
		{5E64527C-4200-4BAB-9DF0-FA5348055159}.Release|Any CPU.ActiveCfg = Release|Any CPU
		{5E64527C-4200-4BAB-9DF0-FA5348055159}.Release|Any CPU.Build.0 = Release|Any CPU
		{C654A4FF-A63D-4BCA-9FBF-D854BAC7F8AB}.Debug|Any CPU.ActiveCfg = Debug|Any CPU
		{C654A4FF-A63D-4BCA-9FBF-D854BAC7F8AB}.Debug|Any CPU.Build.0 = Debug|Any CPU
		{C654A4FF-A63D-4BCA-9FBF-D854BAC7F8AB}.Release|Any CPU.ActiveCfg = Release|Any CPU
		{C654A4FF-A63D-4BCA-9FBF-D854BAC7F8AB}.Release|Any CPU.Build.0 = Release|Any CPU
		{C0C56ED5-728A-4633-8049-B9714CB47243}.Debug|Any CPU.ActiveCfg = Debug|Any CPU
		{C0C56ED5-728A-4633-8049-B9714CB47243}.Debug|Any CPU.Build.0 = Debug|Any CPU
		{C0C56ED5-728A-4633-8049-B9714CB47243}.Release|Any CPU.ActiveCfg = Release|Any CPU
		{C0C56ED5-728A-4633-8049-B9714CB47243}.Release|Any CPU.Build.0 = Release|Any CPU
		{16216AE4-8121-453F-AF28-24943B82DE23}.Debug|Any CPU.ActiveCfg = Debug|Any CPU
		{16216AE4-8121-453F-AF28-24943B82DE23}.Debug|Any CPU.Build.0 = Debug|Any CPU
		{16216AE4-8121-453F-AF28-24943B82DE23}.Release|Any CPU.ActiveCfg = Release|Any CPU
		{16216AE4-8121-453F-AF28-24943B82DE23}.Release|Any CPU.Build.0 = Release|Any CPU
		{84675464-F6B7-4F51-ADBC-067E9B539CAC}.Debug|Any CPU.ActiveCfg = Debug|Any CPU
		{84675464-F6B7-4F51-ADBC-067E9B539CAC}.Debug|Any CPU.Build.0 = Debug|Any CPU
		{84675464-F6B7-4F51-ADBC-067E9B539CAC}.Release|Any CPU.ActiveCfg = Release|Any CPU
		{84675464-F6B7-4F51-ADBC-067E9B539CAC}.Release|Any CPU.Build.0 = Release|Any CPU
	EndGlobalSection
	GlobalSection(SolutionProperties) = preSolution
		HideSolutionNode = FALSE
	EndGlobalSection
	GlobalSection(NestedProjects) = preSolution
		{28686BDB-8E4D-4998-940D-ADE311273D91} = {545C1B0F-6FE6-43D9-8961-FDB178D2B9EF}
		{48E17B35-325D-4D1B-80A0-C1135D44B5EF} = {545C1B0F-6FE6-43D9-8961-FDB178D2B9EF}
		{F1218D6C-F0AD-4178-9A32-3D995788AB90} = {545C1B0F-6FE6-43D9-8961-FDB178D2B9EF}
		{965876A3-8655-4155-8729-F43303632B92} = {545C1B0F-6FE6-43D9-8961-FDB178D2B9EF}
		{3DCEDC0F-0175-40E5-9C43-63CE0C02514E} = {965876A3-8655-4155-8729-F43303632B92}
		{FDD88061-A422-4F75-88B2-FCDA5D0E7DA5} = {965876A3-8655-4155-8729-F43303632B92}
		{AC976D98-D661-4BBA-A356-016DAEE679D8} = {545C1B0F-6FE6-43D9-8961-FDB178D2B9EF}
		{376C6A74-F9DD-43F0-8ED2-8D2C2FB8037A} = {545C1B0F-6FE6-43D9-8961-FDB178D2B9EF}
		{27B80E7F-B1A7-4643-BFF8-129E2752192D} = {965876A3-8655-4155-8729-F43303632B92}
		{504A3EEF-6C6A-4F8A-85C0-AEF4649DB2CB} = {545C1B0F-6FE6-43D9-8961-FDB178D2B9EF}
		{94C88292-715C-4746-B44D-768DB25484DB} = {545C1B0F-6FE6-43D9-8961-FDB178D2B9EF}
		{7F415AB7-F596-4ADE-8E4C-0E90430004A2} = {965876A3-8655-4155-8729-F43303632B92}
	EndGlobalSection
	GlobalSection(SubversionScc) = preSolution
		Svn-Managed = True
		Manager = AnkhSVN - Subversion Support for Visual Studio
	EndGlobalSection
EndGlobal
